
Microsoft Visual Studio Solution File, Format Version 12.00
# Visual Studio 15
VisualStudioVersion = 15.0.27428.2015
MinimumVisualStudioVersion = 10.0.40219.1
Project("{9A19103F-16F7-4668-BE54-9A1E7A4F7556}") = "Web.Api", "Web.Api\Web.Api.csproj", "{00FA9304-85B4-4AD1-8032-4FCDF086BD77}"
EndProject
Project("{9A19103F-16F7-4668-BE54-9A1E7A4F7556}") = "Web.UnitTest", "Web.UnitTest\Web.UnitTest.csproj", "{3D47203E-1EE1-452A-8815-96DF8826F019}"
EndProject
Project("{9A19103F-16F7-4668-BE54-9A1E7A4F7556}") = "Web.App", "Web.App\Web.App.csproj", "{5A0C6255-A07C-485E-9FC4-72CAC44BBCD4}"
EndProject
Project("{9A19103F-16F7-4668-BE54-9A1E7A4F7556}") = "Web.IdentityServer", "Web.IdentityServer\Web.IdentityServer.csproj", "{D1EB356C-3421-493B-A733-6444212C9E31}"
EndProject
Project("{9A19103F-16F7-4668-BE54-9A1E7A4F7556}") = "Web.LibraryUi", "Web.LibraryUi\Web.LibraryUi.csproj", "{D7EAEAE4-F025-40E4-9AF0-9CC6FA10B7B7}"
EndProject
Project("{2150E333-8FDC-42A3-9474-1A3956D46DE8}") = "DevOps", "DevOps", "{6CBF22B1-2F36-41B5-8AC3-8B3B1E1A9DAF}"
	ProjectSection(SolutionItems) = preProject
		DevOps\createCertificate.ps1 = DevOps\createCertificate.ps1
		DevOps\DeployLocal-API.bat = DevOps\DeployLocal-API.bat
		DevOps\DeployLocal-IdentityServer.bat = DevOps\DeployLocal-IdentityServer.bat
	EndProjectSection
EndProject
Project("{FAE04EC0-301F-11D3-BF4B-00C04F79EFBC}") = "Web.EmailManager", "Web.EmailManager\Web.EmailManager.csproj", "{C6357655-4024-4633-BFC2-DBC62D457ADC}"
EndProject
Global
	GlobalSection(SolutionConfigurationPlatforms) = preSolution
		Debug|Any CPU = Debug|Any CPU
		Release|Any CPU = Release|Any CPU
	EndGlobalSection
	GlobalSection(ProjectConfigurationPlatforms) = postSolution
		{00FA9304-85B4-4AD1-8032-4FCDF086BD77}.Debug|Any CPU.ActiveCfg = Debug|Any CPU
		{00FA9304-85B4-4AD1-8032-4FCDF086BD77}.Debug|Any CPU.Build.0 = Debug|Any CPU
		{00FA9304-85B4-4AD1-8032-4FCDF086BD77}.Release|Any CPU.ActiveCfg = Release|Any CPU
		{00FA9304-85B4-4AD1-8032-4FCDF086BD77}.Release|Any CPU.Build.0 = Release|Any CPU
		{3D47203E-1EE1-452A-8815-96DF8826F019}.Debug|Any CPU.ActiveCfg = Debug|Any CPU
		{3D47203E-1EE1-452A-8815-96DF8826F019}.Debug|Any CPU.Build.0 = Debug|Any CPU
		{3D47203E-1EE1-452A-8815-96DF8826F019}.Release|Any CPU.ActiveCfg = Release|Any CPU
		{3D47203E-1EE1-452A-8815-96DF8826F019}.Release|Any CPU.Build.0 = Release|Any CPU
		{5A0C6255-A07C-485E-9FC4-72CAC44BBCD4}.Debug|Any CPU.ActiveCfg = Debug|Any CPU
		{5A0C6255-A07C-485E-9FC4-72CAC44BBCD4}.Debug|Any CPU.Build.0 = Debug|Any CPU
		{5A0C6255-A07C-485E-9FC4-72CAC44BBCD4}.Release|Any CPU.ActiveCfg = Release|Any CPU
		{5A0C6255-A07C-485E-9FC4-72CAC44BBCD4}.Release|Any CPU.Build.0 = Release|Any CPU
		{D1EB356C-3421-493B-A733-6444212C9E31}.Debug|Any CPU.ActiveCfg = Debug|Any CPU
		{D1EB356C-3421-493B-A733-6444212C9E31}.Debug|Any CPU.Build.0 = Debug|Any CPU
		{D1EB356C-3421-493B-A733-6444212C9E31}.Release|Any CPU.ActiveCfg = Release|Any CPU
		{D1EB356C-3421-493B-A733-6444212C9E31}.Release|Any CPU.Build.0 = Release|Any CPU
		{D7EAEAE4-F025-40E4-9AF0-9CC6FA10B7B7}.Debug|Any CPU.ActiveCfg = Debug|Any CPU
		{D7EAEAE4-F025-40E4-9AF0-9CC6FA10B7B7}.Debug|Any CPU.Build.0 = Debug|Any CPU
		{D7EAEAE4-F025-40E4-9AF0-9CC6FA10B7B7}.Release|Any CPU.ActiveCfg = Release|Any CPU
		{D7EAEAE4-F025-40E4-9AF0-9CC6FA10B7B7}.Release|Any CPU.Build.0 = Release|Any CPU
		{C6357655-4024-4633-BFC2-DBC62D457ADC}.Debug|Any CPU.ActiveCfg = Debug|Any CPU
		{C6357655-4024-4633-BFC2-DBC62D457ADC}.Debug|Any CPU.Build.0 = Debug|Any CPU
		{C6357655-4024-4633-BFC2-DBC62D457ADC}.Release|Any CPU.ActiveCfg = Release|Any CPU
		{C6357655-4024-4633-BFC2-DBC62D457ADC}.Release|Any CPU.Build.0 = Release|Any CPU
	EndGlobalSection
	GlobalSection(SolutionProperties) = preSolution
		HideSolutionNode = FALSE
	EndGlobalSection
	GlobalSection(ExtensibilityGlobals) = postSolution
		SolutionGuid = {DB5C3C2B-646D-4514-BE95-9BF087A23D76}
	EndGlobalSection
EndGlobal
