
Microsoft Visual Studio Solution File, Format Version 12.00
# Visual Studio 15
VisualStudioVersion = 15.0.27428.2015
MinimumVisualStudioVersion = 10.0.40219.1
Project("{9A19103F-16F7-4668-BE54-9A1E7A4F7556}") = "Web.Api", "Web.Api\Web.Api.csproj", "{00FA9304-85B4-4AD1-8032-4FCDF086BD77}"
EndProject
Project("{9A19103F-16F7-4668-BE54-9A1E7A4F7556}") = "Web.Api.IntegrationTest", "Web.IntegrationTest\Web.Api.IntegrationTest.csproj", "{BA4456BA-C008-400B-B7BF-7D8B824C7F82}"
EndProject
Project("{9A19103F-16F7-4668-BE54-9A1E7A4F7556}") = "Web.Api.UnitTest", "Web.UnitTest\Web.Api.UnitTest.csproj", "{3D47203E-1EE1-452A-8815-96DF8826F019}"
EndProject
Project("{FAE04EC0-301F-11D3-BF4B-00C04F79EFBC}") = "Web.IdentityServer", "Web.IdentityServer\Web.IdentityServer.csproj", "{692B0D16-B177-457B-9C33-E0ECFB34F769}"
EndProject
Project("{FAE04EC0-301F-11D3-BF4B-00C04F79EFBC}") = "Web.App", "Web.App\Web.App.csproj", "{5A0C6255-A07C-485E-9FC4-72CAC44BBCD4}"
EndProject
Global
	GlobalSection(SolutionConfigurationPlatforms) = preSolution
		Debug|Any CPU = Debug|Any CPU
		Release|Any CPU = Release|Any CPU
	EndGlobalSection
	GlobalSection(ProjectConfigurationPlatforms) = postSolution
		{00FA9304-85B4-4AD1-8032-4FCDF086BD77}.Debug|Any CPU.ActiveCfg = Debug|Any CPU
		{00FA9304-85B4-4AD1-8032-4FCDF086BD77}.Debug|Any CPU.Build.0 = Debug|Any CPU
		{00FA9304-85B4-4AD1-8032-4FCDF086BD77}.Release|Any CPU.ActiveCfg = Release|Any CPU
		{00FA9304-85B4-4AD1-8032-4FCDF086BD77}.Release|Any CPU.Build.0 = Release|Any CPU
		{BA4456BA-C008-400B-B7BF-7D8B824C7F82}.Debug|Any CPU.ActiveCfg = Debug|Any CPU
		{BA4456BA-C008-400B-B7BF-7D8B824C7F82}.Debug|Any CPU.Build.0 = Debug|Any CPU
		{BA4456BA-C008-400B-B7BF-7D8B824C7F82}.Release|Any CPU.ActiveCfg = Release|Any CPU
		{BA4456BA-C008-400B-B7BF-7D8B824C7F82}.Release|Any CPU.Build.0 = Release|Any CPU
		{3D47203E-1EE1-452A-8815-96DF8826F019}.Debug|Any CPU.ActiveCfg = Debug|Any CPU
		{3D47203E-1EE1-452A-8815-96DF8826F019}.Debug|Any CPU.Build.0 = Debug|Any CPU
		{3D47203E-1EE1-452A-8815-96DF8826F019}.Release|Any CPU.ActiveCfg = Release|Any CPU
		{3D47203E-1EE1-452A-8815-96DF8826F019}.Release|Any CPU.Build.0 = Release|Any CPU
		{692B0D16-B177-457B-9C33-E0ECFB34F769}.Debug|Any CPU.ActiveCfg = Debug|Any CPU
		{692B0D16-B177-457B-9C33-E0ECFB34F769}.Debug|Any CPU.Build.0 = Debug|Any CPU
		{692B0D16-B177-457B-9C33-E0ECFB34F769}.Release|Any CPU.ActiveCfg = Release|Any CPU
		{692B0D16-B177-457B-9C33-E0ECFB34F769}.Release|Any CPU.Build.0 = Release|Any CPU
		{5A0C6255-A07C-485E-9FC4-72CAC44BBCD4}.Debug|Any CPU.ActiveCfg = Debug|Any CPU
		{5A0C6255-A07C-485E-9FC4-72CAC44BBCD4}.Debug|Any CPU.Build.0 = Debug|Any CPU
		{5A0C6255-A07C-485E-9FC4-72CAC44BBCD4}.Release|Any CPU.ActiveCfg = Release|Any CPU
		{5A0C6255-A07C-485E-9FC4-72CAC44BBCD4}.Release|Any CPU.Build.0 = Release|Any CPU
	EndGlobalSection
	GlobalSection(SolutionProperties) = preSolution
		HideSolutionNode = FALSE
	EndGlobalSection
	GlobalSection(ExtensibilityGlobals) = postSolution
		SolutionGuid = {DB5C3C2B-646D-4514-BE95-9BF087A23D76}
	EndGlobalSection
EndGlobal
